// !$*UTF8*$!
{
	archiveVersion = 1;
	classes = {
	};
	objectVersion = 46;
	objects = {

/* Begin PBXBuildFile section */
		3812C17B19214B12008CF480 /* QuestsAnnotation.m in Sources */ = {isa = PBXBuildFile; fileRef = 3812C17A19214B12008CF480 /* QuestsAnnotation.m */; };
		3812C17F19216107008CF480 /* knightHead1.jpg in Resources */ = {isa = PBXBuildFile; fileRef = 3812C17E19216107008CF480 /* knightHead1.jpg */; };
		3812C1821922926C008CF480 /* JSAnnotationView.m in Sources */ = {isa = PBXBuildFile; fileRef = 3812C1811922926C008CF480 /* JSAnnotationView.m */; };
		3812C18419229399008CF480 /* sword.png in Resources */ = {isa = PBXBuildFile; fileRef = 3812C18319229399008CF480 /* sword.png */; };
		3818449E191ABBCE00801771 /* SettingsViewController.m in Sources */ = {isa = PBXBuildFile; fileRef = 3818449D191ABBCE00801771 /* SettingsViewController.m */; };
		381D3ED91922C44C001A4596 /* sword2.jpg in Resources */ = {isa = PBXBuildFile; fileRef = 381D3ED81922C44C001A4596 /* sword2.jpg */; };
		381D3EDB1922C6CA001A4596 /* dog1.jpg in Resources */ = {isa = PBXBuildFile; fileRef = 381D3EDA1922C6CA001A4596 /* dog1.jpg */; };
		381D3EDD1922C94E001A4596 /* shoe.gif in Resources */ = {isa = PBXBuildFile; fileRef = 381D3EDC1922C94E001A4596 /* shoe.gif */; };
		381D3EDF1922C9DC001A4596 /* hotdog.jpg in Resources */ = {isa = PBXBuildFile; fileRef = 381D3EDE1922C9DC001A4596 /* hotdog.jpg */; };
		382C0820191D6B7200D3F900 /* MapKit.framework in Frameworks */ = {isa = PBXBuildFile; fileRef = 382C081F191D6B7200D3F900 /* MapKit.framework */; };
		382C0822191D6B7D00D3F900 /* CoreLocation.framework in Frameworks */ = {isa = PBXBuildFile; fileRef = 382C0821191D6B7D00D3F900 /* CoreLocation.framework */; };
		387590C71919B53D00287824 /* Foundation.framework in Frameworks */ = {isa = PBXBuildFile; fileRef = 387590C61919B53D00287824 /* Foundation.framework */; };
		387590C91919B53D00287824 /* CoreGraphics.framework in Frameworks */ = {isa = PBXBuildFile; fileRef = 387590C81919B53D00287824 /* CoreGraphics.framework */; };
		387590CB1919B53D00287824 /* UIKit.framework in Frameworks */ = {isa = PBXBuildFile; fileRef = 387590CA1919B53D00287824 /* UIKit.framework */; };
		387590D11919B53D00287824 /* InfoPlist.strings in Resources */ = {isa = PBXBuildFile; fileRef = 387590CF1919B53D00287824 /* InfoPlist.strings */; };
		387590D31919B53D00287824 /* main.m in Sources */ = {isa = PBXBuildFile; fileRef = 387590D21919B53D00287824 /* main.m */; };
		387590D71919B53D00287824 /* AppDelegate.m in Sources */ = {isa = PBXBuildFile; fileRef = 387590D61919B53D00287824 /* AppDelegate.m */; };
		387590DA1919B53D00287824 /* Main.storyboard in Resources */ = {isa = PBXBuildFile; fileRef = 387590D81919B53D00287824 /* Main.storyboard */; };
		387590DD1919B53D00287824 /* ViewController.m in Sources */ = {isa = PBXBuildFile; fileRef = 387590DC1919B53D00287824 /* ViewController.m */; };
		387590DF1919B53D00287824 /* Images.xcassets in Resources */ = {isa = PBXBuildFile; fileRef = 387590DE1919B53D00287824 /* Images.xcassets */; };
		387590E61919B53D00287824 /* XCTest.framework in Frameworks */ = {isa = PBXBuildFile; fileRef = 387590E51919B53D00287824 /* XCTest.framework */; };
		387590E71919B53D00287824 /* Foundation.framework in Frameworks */ = {isa = PBXBuildFile; fileRef = 387590C61919B53D00287824 /* Foundation.framework */; };
		387590E81919B53D00287824 /* UIKit.framework in Frameworks */ = {isa = PBXBuildFile; fileRef = 387590CA1919B53D00287824 /* UIKit.framework */; };
		387590F01919B53D00287824 /* InfoPlist.strings in Resources */ = {isa = PBXBuildFile; fileRef = 387590EE1919B53D00287824 /* InfoPlist.strings */; };
		387590F21919B53D00287824 /* MyriadMobileChallengeTests.m in Sources */ = {isa = PBXBuildFile; fileRef = 387590F11919B53D00287824 /* MyriadMobileChallengeTests.m */; };
		387590FE1919B76C00287824 /* knights.png in Resources */ = {isa = PBXBuildFile; fileRef = 387590FD1919B76C00287824 /* knights.png */; };
		387591011919BA9300287824 /* QuestsTableViewController.m in Sources */ = {isa = PBXBuildFile; fileRef = 387591001919BA9300287824 /* QuestsTableViewController.m */; };
		387591041919CB6B00287824 /* Quest.m in Sources */ = {isa = PBXBuildFile; fileRef = 387591031919CB6B00287824 /* Quest.m */; };
		387591071919D1D600287824 /* DetailViewController.m in Sources */ = {isa = PBXBuildFile; fileRef = 387591061919D1D600287824 /* DetailViewController.m */; };
/* End PBXBuildFile section */

/* Begin PBXContainerItemProxy section */
		387590E91919B53D00287824 /* PBXContainerItemProxy */ = {
			isa = PBXContainerItemProxy;
			containerPortal = 387590BB1919B53C00287824 /* Project object */;
			proxyType = 1;
			remoteGlobalIDString = 387590C21919B53D00287824;
			remoteInfo = MyriadMobileChallenge;
		};
/* End PBXContainerItemProxy section */

/* Begin PBXFileReference section */
		3812C17919214B12008CF480 /* QuestsAnnotation.h */ = {isa = PBXFileReference; fileEncoding = 4; lastKnownFileType = sourcecode.c.h; path = QuestsAnnotation.h; sourceTree = "<group>"; };
		3812C17A19214B12008CF480 /* QuestsAnnotation.m */ = {isa = PBXFileReference; fileEncoding = 4; lastKnownFileType = sourcecode.c.objc; path = QuestsAnnotation.m; sourceTree = "<group>"; };
		3812C17E19216107008CF480 /* knightHead1.jpg */ = {isa = PBXFileReference; lastKnownFileType = image.jpeg; path = knightHead1.jpg; sourceTree = "<group>"; };
		3812C1801922926C008CF480 /* JSAnnotationView.h */ = {isa = PBXFileReference; fileEncoding = 4; lastKnownFileType = sourcecode.c.h; path = JSAnnotationView.h; sourceTree = "<group>"; };
		3812C1811922926C008CF480 /* JSAnnotationView.m */ = {isa = PBXFileReference; fileEncoding = 4; lastKnownFileType = sourcecode.c.objc; path = JSAnnotationView.m; sourceTree = "<group>"; };
		3812C18319229399008CF480 /* sword.png */ = {isa = PBXFileReference; lastKnownFileType = image.png; path = sword.png; sourceTree = "<group>"; };
		3818449C191ABBCE00801771 /* SettingsViewController.h */ = {isa = PBXFileReference; fileEncoding = 4; lastKnownFileType = sourcecode.c.h; path = SettingsViewController.h; sourceTree = "<group>"; };
		3818449D191ABBCE00801771 /* SettingsViewController.m */ = {isa = PBXFileReference; fileEncoding = 4; lastKnownFileType = sourcecode.c.objc; path = SettingsViewController.m; sourceTree = "<group>"; };
		381D3ED81922C44C001A4596 /* sword2.jpg */ = {isa = PBXFileReference; lastKnownFileType = image.jpeg; path = sword2.jpg; sourceTree = "<group>"; };
		381D3EDA1922C6CA001A4596 /* dog1.jpg */ = {isa = PBXFileReference; lastKnownFileType = image.jpeg; path = dog1.jpg; sourceTree = "<group>"; };
		381D3EDC1922C94E001A4596 /* shoe.gif */ = {isa = PBXFileReference; lastKnownFileType = image.gif; path = shoe.gif; sourceTree = "<group>"; };
		381D3EDE1922C9DC001A4596 /* hotdog.jpg */ = {isa = PBXFileReference; lastKnownFileType = image.jpeg; path = hotdog.jpg; sourceTree = "<group>"; };
		382C081F191D6B7200D3F900 /* MapKit.framework */ = {isa = PBXFileReference; lastKnownFileType = wrapper.framework; name = MapKit.framework; path = System/Library/Frameworks/MapKit.framework; sourceTree = SDKROOT; };
		382C0821191D6B7D00D3F900 /* CoreLocation.framework */ = {isa = PBXFileReference; lastKnownFileType = wrapper.framework; name = CoreLocation.framework; path = System/Library/Frameworks/CoreLocation.framework; sourceTree = SDKROOT; };
		387590C31919B53D00287824 /* MyriadMobileChallenge.app */ = {isa = PBXFileReference; explicitFileType = wrapper.application; includeInIndex = 0; path = MyriadMobileChallenge.app; sourceTree = BUILT_PRODUCTS_DIR; };
		387590C61919B53D00287824 /* Foundation.framework */ = {isa = PBXFileReference; lastKnownFileType = wrapper.framework; name = Foundation.framework; path = System/Library/Frameworks/Foundation.framework; sourceTree = SDKROOT; };
		387590C81919B53D00287824 /* CoreGraphics.framework */ = {isa = PBXFileReference; lastKnownFileType = wrapper.framework; name = CoreGraphics.framework; path = System/Library/Frameworks/CoreGraphics.framework; sourceTree = SDKROOT; };
		387590CA1919B53D00287824 /* UIKit.framework */ = {isa = PBXFileReference; lastKnownFileType = wrapper.framework; name = UIKit.framework; path = System/Library/Frameworks/UIKit.framework; sourceTree = SDKROOT; };
		387590CE1919B53D00287824 /* MyriadMobileChallenge-Info.plist */ = {isa = PBXFileReference; lastKnownFileType = text.plist.xml; path = "MyriadMobileChallenge-Info.plist"; sourceTree = "<group>"; };
		387590D01919B53D00287824 /* en */ = {isa = PBXFileReference; lastKnownFileType = text.plist.strings; name = en; path = en.lproj/InfoPlist.strings; sourceTree = "<group>"; };
		387590D21919B53D00287824 /* main.m */ = {isa = PBXFileReference; lastKnownFileType = sourcecode.c.objc; path = main.m; sourceTree = "<group>"; };
		387590D41919B53D00287824 /* MyriadMobileChallenge-Prefix.pch */ = {isa = PBXFileReference; lastKnownFileType = sourcecode.c.h; path = "MyriadMobileChallenge-Prefix.pch"; sourceTree = "<group>"; };
		387590D51919B53D00287824 /* AppDelegate.h */ = {isa = PBXFileReference; lastKnownFileType = sourcecode.c.h; path = AppDelegate.h; sourceTree = "<group>"; };
		387590D61919B53D00287824 /* AppDelegate.m */ = {isa = PBXFileReference; lastKnownFileType = sourcecode.c.objc; path = AppDelegate.m; sourceTree = "<group>"; };
		387590D91919B53D00287824 /* Base */ = {isa = PBXFileReference; lastKnownFileType = file.storyboard; name = Base; path = Base.lproj/Main.storyboard; sourceTree = "<group>"; };
		387590DB1919B53D00287824 /* ViewController.h */ = {isa = PBXFileReference; lastKnownFileType = sourcecode.c.h; path = ViewController.h; sourceTree = "<group>"; };
		387590DC1919B53D00287824 /* ViewController.m */ = {isa = PBXFileReference; lastKnownFileType = sourcecode.c.objc; path = ViewController.m; sourceTree = "<group>"; };
		387590DE1919B53D00287824 /* Images.xcassets */ = {isa = PBXFileReference; lastKnownFileType = folder.assetcatalog; path = Images.xcassets; sourceTree = "<group>"; };
		387590E41919B53D00287824 /* MyriadMobileChallengeTests.xctest */ = {isa = PBXFileReference; explicitFileType = wrapper.cfbundle; includeInIndex = 0; path = MyriadMobileChallengeTests.xctest; sourceTree = BUILT_PRODUCTS_DIR; };
		387590E51919B53D00287824 /* XCTest.framework */ = {isa = PBXFileReference; lastKnownFileType = wrapper.framework; name = XCTest.framework; path = Library/Frameworks/XCTest.framework; sourceTree = DEVELOPER_DIR; };
		387590ED1919B53D00287824 /* MyriadMobileChallengeTests-Info.plist */ = {isa = PBXFileReference; lastKnownFileType = text.plist.xml; path = "MyriadMobileChallengeTests-Info.plist"; sourceTree = "<group>"; };
		387590EF1919B53D00287824 /* en */ = {isa = PBXFileReference; lastKnownFileType = text.plist.strings; name = en; path = en.lproj/InfoPlist.strings; sourceTree = "<group>"; };
		387590F11919B53D00287824 /* MyriadMobileChallengeTests.m */ = {isa = PBXFileReference; lastKnownFileType = sourcecode.c.objc; path = MyriadMobileChallengeTests.m; sourceTree = "<group>"; };
		387590FD1919B76C00287824 /* knights.png */ = {isa = PBXFileReference; lastKnownFileType = image.png; path = knights.png; sourceTree = "<group>"; };
		387590FF1919BA9300287824 /* QuestsTableViewController.h */ = {isa = PBXFileReference; fileEncoding = 4; lastKnownFileType = sourcecode.c.h; path = QuestsTableViewController.h; sourceTree = "<group>"; };
		387591001919BA9300287824 /* QuestsTableViewController.m */ = {isa = PBXFileReference; fileEncoding = 4; lastKnownFileType = sourcecode.c.objc; path = QuestsTableViewController.m; sourceTree = "<group>"; };
		387591021919CB6B00287824 /* Quest.h */ = {isa = PBXFileReference; fileEncoding = 4; lastKnownFileType = sourcecode.c.h; path = Quest.h; sourceTree = "<group>"; };
		387591031919CB6B00287824 /* Quest.m */ = {isa = PBXFileReference; fileEncoding = 4; lastKnownFileType = sourcecode.c.objc; path = Quest.m; sourceTree = "<group>"; };
		387591051919D1D600287824 /* DetailViewController.h */ = {isa = PBXFileReference; fileEncoding = 4; lastKnownFileType = sourcecode.c.h; path = DetailViewController.h; sourceTree = "<group>"; };
		387591061919D1D600287824 /* DetailViewController.m */ = {isa = PBXFileReference; fileEncoding = 4; lastKnownFileType = sourcecode.c.objc; path = DetailViewController.m; sourceTree = "<group>"; };
/* End PBXFileReference section */

/* Begin PBXFrameworksBuildPhase section */
		387590C01919B53D00287824 /* Frameworks */ = {
			isa = PBXFrameworksBuildPhase;
			buildActionMask = 2147483647;
			files = (
				382C0822191D6B7D00D3F900 /* CoreLocation.framework in Frameworks */,
				382C0820191D6B7200D3F900 /* MapKit.framework in Frameworks */,
				387590C91919B53D00287824 /* CoreGraphics.framework in Frameworks */,
				387590CB1919B53D00287824 /* UIKit.framework in Frameworks */,
				387590C71919B53D00287824 /* Foundation.framework in Frameworks */,
			);
			runOnlyForDeploymentPostprocessing = 0;
		};
		387590E11919B53D00287824 /* Frameworks */ = {
			isa = PBXFrameworksBuildPhase;
			buildActionMask = 2147483647;
			files = (
				387590E61919B53D00287824 /* XCTest.framework in Frameworks */,
				387590E81919B53D00287824 /* UIKit.framework in Frameworks */,
				387590E71919B53D00287824 /* Foundation.framework in Frameworks */,
			);
			runOnlyForDeploymentPostprocessing = 0;
		};
/* End PBXFrameworksBuildPhase section */

/* Begin PBXGroup section */
		387590BA1919B53C00287824 = {
			isa = PBXGroup;
			children = (
				387590CC1919B53D00287824 /* MyriadMobileChallenge */,
				387590EB1919B53D00287824 /* MyriadMobileChallengeTests */,
				387590C51919B53D00287824 /* Frameworks */,
				387590C41919B53D00287824 /* Products */,
			);
			sourceTree = "<group>";
		};
		387590C41919B53D00287824 /* Products */ = {
			isa = PBXGroup;
			children = (
				387590C31919B53D00287824 /* MyriadMobileChallenge.app */,
				387590E41919B53D00287824 /* MyriadMobileChallengeTests.xctest */,
			);
			name = Products;
			sourceTree = "<group>";
		};
		387590C51919B53D00287824 /* Frameworks */ = {
			isa = PBXGroup;
			children = (
				382C0821191D6B7D00D3F900 /* CoreLocation.framework */,
				382C081F191D6B7200D3F900 /* MapKit.framework */,
				387590C61919B53D00287824 /* Foundation.framework */,
				387590C81919B53D00287824 /* CoreGraphics.framework */,
				387590CA1919B53D00287824 /* UIKit.framework */,
				387590E51919B53D00287824 /* XCTest.framework */,
			);
			name = Frameworks;
			sourceTree = "<group>";
		};
		387590CC1919B53D00287824 /* MyriadMobileChallenge */ = {
			isa = PBXGroup;
			children = (
				387590D51919B53D00287824 /* AppDelegate.h */,
				387590D61919B53D00287824 /* AppDelegate.m */,
				387590D81919B53D00287824 /* Main.storyboard */,
				3818449C191ABBCE00801771 /* SettingsViewController.h */,
				3818449D191ABBCE00801771 /* SettingsViewController.m */,
				387591051919D1D600287824 /* DetailViewController.h */,
				387591061919D1D600287824 /* DetailViewController.m */,
				3812C1801922926C008CF480 /* JSAnnotationView.h */,
				3812C1811922926C008CF480 /* JSAnnotationView.m */,
				3812C17919214B12008CF480 /* QuestsAnnotation.h */,
				3812C17A19214B12008CF480 /* QuestsAnnotation.m */,
				387590FF1919BA9300287824 /* QuestsTableViewController.h */,
				387591001919BA9300287824 /* QuestsTableViewController.m */,
				387591021919CB6B00287824 /* Quest.h */,
				387591031919CB6B00287824 /* Quest.m */,
				387590DB1919B53D00287824 /* ViewController.h */,
				387590DC1919B53D00287824 /* ViewController.m */,
				387590DE1919B53D00287824 /* Images.xcassets */,
				387590CD1919B53D00287824 /* Supporting Files */,
			);
			path = MyriadMobileChallenge;
			sourceTree = "<group>";
		};
		387590CD1919B53D00287824 /* Supporting Files */ = {
			isa = PBXGroup;
			children = (
				387590CE1919B53D00287824 /* MyriadMobileChallenge-Info.plist */,
				387590FD1919B76C00287824 /* knights.png */,
				3812C18319229399008CF480 /* sword.png */,
				381D3ED81922C44C001A4596 /* sword2.jpg */,
				381D3EDC1922C94E001A4596 /* shoe.gif */,
				381D3EDE1922C9DC001A4596 /* hotdog.jpg */,
				381D3EDA1922C6CA001A4596 /* dog1.jpg */,
				387590CF1919B53D00287824 /* InfoPlist.strings */,
				387590D21919B53D00287824 /* main.m */,
				3812C17E19216107008CF480 /* knightHead1.jpg */,
				387590D41919B53D00287824 /* MyriadMobileChallenge-Prefix.pch */,
			);
			name = "Supporting Files";
			sourceTree = "<group>";
		};
		387590EB1919B53D00287824 /* MyriadMobileChallengeTests */ = {
			isa = PBXGroup;
			children = (
				387590F11919B53D00287824 /* MyriadMobileChallengeTests.m */,
				387590EC1919B53D00287824 /* Supporting Files */,
			);
			path = MyriadMobileChallengeTests;
			sourceTree = "<group>";
		};
		387590EC1919B53D00287824 /* Supporting Files */ = {
			isa = PBXGroup;
			children = (
				387590ED1919B53D00287824 /* MyriadMobileChallengeTests-Info.plist */,
				387590EE1919B53D00287824 /* InfoPlist.strings */,
			);
			name = "Supporting Files";
			sourceTree = "<group>";
		};
/* End PBXGroup section */

/* Begin PBXNativeTarget section */
		387590C21919B53D00287824 /* MyriadMobileChallenge */ = {
			isa = PBXNativeTarget;
			buildConfigurationList = 387590F51919B53D00287824 /* Build configuration list for PBXNativeTarget "MyriadMobileChallenge" */;
			buildPhases = (
				387590BF1919B53D00287824 /* Sources */,
				387590C01919B53D00287824 /* Frameworks */,
				387590C11919B53D00287824 /* Resources */,
			);
			buildRules = (
			);
			dependencies = (
			);
			name = MyriadMobileChallenge;
			productName = MyriadMobileChallenge;
			productReference = 387590C31919B53D00287824 /* MyriadMobileChallenge.app */;
			productType = "com.apple.product-type.application";
		};
		387590E31919B53D00287824 /* MyriadMobileChallengeTests */ = {
			isa = PBXNativeTarget;
			buildConfigurationList = 387590F81919B53D00287824 /* Build configuration list for PBXNativeTarget "MyriadMobileChallengeTests" */;
			buildPhases = (
				387590E01919B53D00287824 /* Sources */,
				387590E11919B53D00287824 /* Frameworks */,
				387590E21919B53D00287824 /* Resources */,
			);
			buildRules = (
			);
			dependencies = (
				387590EA1919B53D00287824 /* PBXTargetDependency */,
			);
			name = MyriadMobileChallengeTests;
			productName = MyriadMobileChallengeTests;
			productReference = 387590E41919B53D00287824 /* MyriadMobileChallengeTests.xctest */;
			productType = "com.apple.product-type.bundle.unit-test";
		};
/* End PBXNativeTarget section */

/* Begin PBXProject section */
		387590BB1919B53C00287824 /* Project object */ = {
			isa = PBXProject;
			attributes = {
				LastUpgradeCheck = 0510;
				ORGANIZATIONNAME = "Jilian Scott";
				TargetAttributes = {
					387590E31919B53D00287824 = {
						TestTargetID = 387590C21919B53D00287824;
					};
				};
			};
			buildConfigurationList = 387590BE1919B53C00287824 /* Build configuration list for PBXProject "MyriadMobileChallenge" */;
			compatibilityVersion = "Xcode 3.2";
			developmentRegion = English;
			hasScannedForEncodings = 0;
			knownRegions = (
				en,
				Base,
			);
			mainGroup = 387590BA1919B53C00287824;
			productRefGroup = 387590C41919B53D00287824 /* Products */;
			projectDirPath = "";
			projectRoot = "";
			targets = (
				387590C21919B53D00287824 /* MyriadMobileChallenge */,
				387590E31919B53D00287824 /* MyriadMobileChallengeTests */,
			);
		};
/* End PBXProject section */

/* Begin PBXResourcesBuildPhase section */
		387590C11919B53D00287824 /* Resources */ = {
			isa = PBXResourcesBuildPhase;
			buildActionMask = 2147483647;
			files = (
				381D3ED91922C44C001A4596 /* sword2.jpg in Resources */,
				387590DF1919B53D00287824 /* Images.xcassets in Resources */,
				381D3EDB1922C6CA001A4596 /* dog1.jpg in Resources */,
				3812C18419229399008CF480 /* sword.png in Resources */,
				3812C17F19216107008CF480 /* knightHead1.jpg in Resources */,
				387590D11919B53D00287824 /* InfoPlist.strings in Resources */,
				387590FE1919B76C00287824 /* knights.png in Resources */,
				381D3EDD1922C94E001A4596 /* shoe.gif in Resources */,
				381D3EDF1922C9DC001A4596 /* hotdog.jpg in Resources */,
				387590DA1919B53D00287824 /* Main.storyboard in Resources */,
			);
			runOnlyForDeploymentPostprocessing = 0;
		};
		387590E21919B53D00287824 /* Resources */ = {
			isa = PBXResourcesBuildPhase;
			buildActionMask = 2147483647;
			files = (
				387590F01919B53D00287824 /* InfoPlist.strings in Resources */,
			);
			runOnlyForDeploymentPostprocessing = 0;
		};
/* End PBXResourcesBuildPhase section */

/* Begin PBXSourcesBuildPhase section */
		387590BF1919B53D00287824 /* Sources */ = {
			isa = PBXSourcesBuildPhase;
			buildActionMask = 2147483647;
			files = (
				387590DD1919B53D00287824 /* ViewController.m in Sources */,
				387591041919CB6B00287824 /* Quest.m in Sources */,
				387590D71919B53D00287824 /* AppDelegate.m in Sources */,
				387591011919BA9300287824 /* QuestsTableViewController.m in Sources */,
				387590D31919B53D00287824 /* main.m in Sources */,
				3812C17B19214B12008CF480 /* QuestsAnnotation.m in Sources */,
				387591071919D1D600287824 /* DetailViewController.m in Sources */,
				3818449E191ABBCE00801771 /* SettingsViewController.m in Sources */,
				3812C1821922926C008CF480 /* JSAnnotationView.m in Sources */,
			);
			runOnlyForDeploymentPostprocessing = 0;
		};
		387590E01919B53D00287824 /* Sources */ = {
			isa = PBXSourcesBuildPhase;
			buildActionMask = 2147483647;
			files = (
				387590F21919B53D00287824 /* MyriadMobileChallengeTests.m in Sources */,
			);
			runOnlyForDeploymentPostprocessing = 0;
		};
/* End PBXSourcesBuildPhase section */

/* Begin PBXTargetDependency section */
		387590EA1919B53D00287824 /* PBXTargetDependency */ = {
			isa = PBXTargetDependency;
			target = 387590C21919B53D00287824 /* MyriadMobileChallenge */;
			targetProxy = 387590E91919B53D00287824 /* PBXContainerItemProxy */;
		};
/* End PBXTargetDependency section */

/* Begin PBXVariantGroup section */
		387590CF1919B53D00287824 /* InfoPlist.strings */ = {
			isa = PBXVariantGroup;
			children = (
				387590D01919B53D00287824 /* en */,
			);
			name = InfoPlist.strings;
			sourceTree = "<group>";
		};
		387590D81919B53D00287824 /* Main.storyboard */ = {
			isa = PBXVariantGroup;
			children = (
				387590D91919B53D00287824 /* Base */,
			);
			name = Main.storyboard;
			sourceTree = "<group>";
		};
		387590EE1919B53D00287824 /* InfoPlist.strings */ = {
			isa = PBXVariantGroup;
			children = (
				387590EF1919B53D00287824 /* en */,
			);
			name = InfoPlist.strings;
			sourceTree = "<group>";
		};
/* End PBXVariantGroup section */

/* Begin XCBuildConfiguration section */
		387590F31919B53D00287824 /* Debug */ = {
			isa = XCBuildConfiguration;
			buildSettings = {
				ALWAYS_SEARCH_USER_PATHS = NO;
				CLANG_CXX_LANGUAGE_STANDARD = "gnu++0x";
				CLANG_CXX_LIBRARY = "libc++";
				CLANG_ENABLE_MODULES = YES;
				CLANG_ENABLE_OBJC_ARC = YES;
				CLANG_WARN_BOOL_CONVERSION = YES;
				CLANG_WARN_CONSTANT_CONVERSION = YES;
				CLANG_WARN_DIRECT_OBJC_ISA_USAGE = YES_ERROR;
				CLANG_WARN_EMPTY_BODY = YES;
				CLANG_WARN_ENUM_CONVERSION = YES;
				CLANG_WARN_INT_CONVERSION = YES;
				CLANG_WARN_OBJC_ROOT_CLASS = YES_ERROR;
				CLANG_WARN__DUPLICATE_METHOD_MATCH = YES;
				"CODE_SIGN_IDENTITY[sdk=iphoneos*]" = "iPhone Developer";
				COPY_PHASE_STRIP = NO;
				GCC_C_LANGUAGE_STANDARD = gnu99;
				GCC_DYNAMIC_NO_PIC = NO;
				GCC_OPTIMIZATION_LEVEL = 0;
				GCC_PREPROCESSOR_DEFINITIONS = (
					"DEBUG=1",
					"$(inherited)",
				);
				GCC_SYMBOLS_PRIVATE_EXTERN = NO;
				GCC_WARN_64_TO_32_BIT_CONVERSION = YES;
				GCC_WARN_ABOUT_RETURN_TYPE = YES_ERROR;
				GCC_WARN_UNDECLARED_SELECTOR = YES;
				GCC_WARN_UNINITIALIZED_AUTOS = YES_AGGRESSIVE;
				GCC_WARN_UNUSED_FUNCTION = YES;
				GCC_WARN_UNUSED_VARIABLE = YES;
				IPHONEOS_DEPLOYMENT_TARGET = 7.1;
				ONLY_ACTIVE_ARCH = YES;
				SDKROOT = iphoneos;
			};
			name = Debug;
		};
		387590F41919B53D00287824 /* Release */ = {
			isa = XCBuildConfiguration;
			buildSettings = {
				ALWAYS_SEARCH_USER_PATHS = NO;
				CLANG_CXX_LANGUAGE_STANDARD = "gnu++0x";
				CLANG_CXX_LIBRARY = "libc++";
				CLANG_ENABLE_MODULES = YES;
				CLANG_ENABLE_OBJC_ARC = YES;
				CLANG_WARN_BOOL_CONVERSION = YES;
				CLANG_WARN_CONSTANT_CONVERSION = YES;
				CLANG_WARN_DIRECT_OBJC_ISA_USAGE = YES_ERROR;
				CLANG_WARN_EMPTY_BODY = YES;
				CLANG_WARN_ENUM_CONVERSION = YES;
				CLANG_WARN_INT_CONVERSION = YES;
				CLANG_WARN_OBJC_ROOT_CLASS = YES_ERROR;
				CLANG_WARN__DUPLICATE_METHOD_MATCH = YES;
				"CODE_SIGN_IDENTITY[sdk=iphoneos*]" = "iPhone Developer";
				COPY_PHASE_STRIP = YES;
				ENABLE_NS_ASSERTIONS = NO;
				GCC_C_LANGUAGE_STANDARD = gnu99;
				GCC_WARN_64_TO_32_BIT_CONVERSION = YES;
				GCC_WARN_ABOUT_RETURN_TYPE = YES_ERROR;
				GCC_WARN_UNDECLARED_SELECTOR = YES;
				GCC_WARN_UNINITIALIZED_AUTOS = YES_AGGRESSIVE;
				GCC_WARN_UNUSED_FUNCTION = YES;
				GCC_WARN_UNUSED_VARIABLE = YES;
				IPHONEOS_DEPLOYMENT_TARGET = 7.1;
				SDKROOT = iphoneos;
				VALIDATE_PRODUCT = YES;
			};
			name = Release;
		};
		387590F61919B53D00287824 /* Debug */ = {
			isa = XCBuildConfiguration;
			buildSettings = {
				ASSETCATALOG_COMPILER_APPICON_NAME = AppIcon;
				ASSETCATALOG_COMPILER_LAUNCHIMAGE_NAME = LaunchImage;
				GCC_PRECOMPILE_PREFIX_HEADER = YES;
				GCC_PREFIX_HEADER = "MyriadMobileChallenge/MyriadMobileChallenge-Prefix.pch";
				INFOPLIST_FILE = "MyriadMobileChallenge/MyriadMobileChallenge-Info.plist";
				PRODUCT_NAME = "$(TARGET_NAME)";
				WRAPPER_EXTENSION = app;
			};
			name = Debug;
		};
		387590F71919B53D00287824 /* Release */ = {
			isa = XCBuildConfiguration;
			buildSettings = {
				ASSETCATALOG_COMPILER_APPICON_NAME = AppIcon;
				ASSETCATALOG_COMPILER_LAUNCHIMAGE_NAME = LaunchImage;
				GCC_PRECOMPILE_PREFIX_HEADER = YES;
				GCC_PREFIX_HEADER = "MyriadMobileChallenge/MyriadMobileChallenge-Prefix.pch";
				INFOPLIST_FILE = "MyriadMobileChallenge/MyriadMobileChallenge-Info.plist";
				PRODUCT_NAME = "$(TARGET_NAME)";
				WRAPPER_EXTENSION = app;
			};
			name = Release;
		};
		387590F91919B53D00287824 /* Debug */ = {
			isa = XCBuildConfiguration;
			buildSettings = {
				BUNDLE_LOADER = "$(BUILT_PRODUCTS_DIR)/MyriadMobileChallenge.app/MyriadMobileChallenge";
				FRAMEWORK_SEARCH_PATHS = (
					"$(SDKROOT)/Developer/Library/Frameworks",
					"$(inherited)",
					"$(DEVELOPER_FRAMEWORKS_DIR)",
				);
				GCC_PRECOMPILE_PREFIX_HEADER = YES;
				GCC_PREFIX_HEADER = "MyriadMobileChallenge/MyriadMobileChallenge-Prefix.pch";
				GCC_PREPROCESSOR_DEFINITIONS = (
					"DEBUG=1",
					"$(inherited)",
				);
				INFOPLIST_FILE = "MyriadMobileChallengeTests/MyriadMobileChallengeTests-Info.plist";
				PRODUCT_NAME = "$(TARGET_NAME)";
				TEST_HOST = "$(BUNDLE_LOADER)";
				WRAPPER_EXTENSION = xctest;
			};
			name = Debug;
		};
		387590FA1919B53D00287824 /* Release */ = {
			isa = XCBuildConfiguration;
			buildSettings = {
				BUNDLE_LOADER = "$(BUILT_PRODUCTS_DIR)/MyriadMobileChallenge.app/MyriadMobileChallenge";
				FRAMEWORK_SEARCH_PATHS = (
					"$(SDKROOT)/Developer/Library/Frameworks",
					"$(inherited)",
					"$(DEVELOPER_FRAMEWORKS_DIR)",
				);
				GCC_PRECOMPILE_PREFIX_HEADER = YES;
				GCC_PREFIX_HEADER = "MyriadMobileChallenge/MyriadMobileChallenge-Prefix.pch";
				INFOPLIST_FILE = "MyriadMobileChallengeTests/MyriadMobileChallengeTests-Info.plist";
				PRODUCT_NAME = "$(TARGET_NAME)";
				TEST_HOST = "$(BUNDLE_LOADER)";
				WRAPPER_EXTENSION = xctest;
			};
			name = Release;
		};
/* End XCBuildConfiguration section */

/* Begin XCConfigurationList section */
		387590BE1919B53C00287824 /* Build configuration list for PBXProject "MyriadMobileChallenge" */ = {
			isa = XCConfigurationList;
			buildConfigurations = (
				387590F31919B53D00287824 /* Debug */,
				387590F41919B53D00287824 /* Release */,
			);
			defaultConfigurationIsVisible = 0;
			defaultConfigurationName = Release;
		};
		387590F51919B53D00287824 /* Build configuration list for PBXNativeTarget "MyriadMobileChallenge" */ = {
			isa = XCConfigurationList;
			buildConfigurations = (
				387590F61919B53D00287824 /* Debug */,
				387590F71919B53D00287824 /* Release */,
			);
			defaultConfigurationIsVisible = 0;
			defaultConfigurationName = Release;
		};
		387590F81919B53D00287824 /* Build configuration list for PBXNativeTarget "MyriadMobileChallengeTests" */ = {
			isa = XCConfigurationList;
			buildConfigurations = (
				387590F91919B53D00287824 /* Debug */,
				387590FA1919B53D00287824 /* Release */,
			);
			defaultConfigurationIsVisible = 0;
			defaultConfigurationName = Release;
		};
/* End XCConfigurationList section */
	};
	rootObject = 387590BB1919B53C00287824 /* Project object */;
}
